
Microsoft Visual Studio Solution File, Format Version 12.00
# Visual Studio Version 17
VisualStudioVersion = 17.10.35013.160
MinimumVisualStudioVersion = 10.0.40219.1
Project("{FAE04EC0-301F-11D3-BF4B-00C04F79EFBC}") = "Topic 5.2 - Assignment", "Topic 5.2 - Assignment\Topic 5.2 - Assignment.csproj", "{D84E7B1C-E3F3-4F77-9C16-6FBC1565EAC2}"
EndProject
Global
	GlobalSection(SolutionConfigurationPlatforms) = preSolution
		Debug|Any CPU = Debug|Any CPU
		Release|Any CPU = Release|Any CPU
	EndGlobalSection
	GlobalSection(ProjectConfigurationPlatforms) = postSolution
		{D84E7B1C-E3F3-4F77-9C16-6FBC1565EAC2}.Debug|Any CPU.ActiveCfg = Debug|Any CPU
		{D84E7B1C-E3F3-4F77-9C16-6FBC1565EAC2}.Debug|Any CPU.Build.0 = Debug|Any CPU
		{D84E7B1C-E3F3-4F77-9C16-6FBC1565EAC2}.Release|Any CPU.ActiveCfg = Release|Any CPU
		{D84E7B1C-E3F3-4F77-9C16-6FBC1565EAC2}.Release|Any CPU.Build.0 = Release|Any CPU
	EndGlobalSection
	GlobalSection(SolutionProperties) = preSolution
		HideSolutionNode = FALSE
	EndGlobalSection
	GlobalSection(ExtensibilityGlobals) = postSolution
		SolutionGuid = {684A65D7-75F9-48FD-BBFA-EAF3E8B2134B}
	EndGlobalSection
EndGlobal
